{
  "name": "beats_project",
  "lockfileVersion": 2,
  "requires": true,
  "packages": {
    "": {
      "dependencies": {
        "@fancyapps/ui": "^4.0.0-alpha.4"
      }
    },
    "node_modules/@fancyapps/ui": {
      "version": "4.0.0-alpha.4",
      "resolved": "https://registry.npmjs.org/@fancyapps/ui/-/ui-4.0.0-alpha.4.tgz",
      "integrity": "sha512-tvt6kjJDK6lD4R1hJ81xftuQTDmCKnS2uCI3Jqm+p0vqJyDfjIzE+CXfE7RRe7pfHgG9qqVdDBQUjxHKWUUhCw=="
    }
  },
  "dependencies": {
    "@fancyapps/ui": {
      "version": "4.0.0-alpha.4",
      "resolved": "https://registry.npmjs.org/@fancyapps/ui/-/ui-4.0.0-alpha.4.tgz",
      "integrity": "sha512-tvt6kjJDK6lD4R1hJ81xftuQTDmCKnS2uCI3Jqm+p0vqJyDfjIzE+CXfE7RRe7pfHgG9qqVdDBQUjxHKWUUhCw=="
    }
  }
}
